// !$*UTF8*$!
{
	archiveVersion = 1;
	classes = {
	};
	objectVersion = 55;
	objects = {

/* Begin PBXBuildFile section */
		89621E612829D2FC008BA4BB /* AppDelegate.swift in Sources */ = {isa = PBXBuildFile; fileRef = 89621E602829D2FC008BA4BB /* AppDelegate.swift */; };
		89621E632829D2FC008BA4BB /* ViewController.swift in Sources */ = {isa = PBXBuildFile; fileRef = 89621E622829D2FC008BA4BB /* ViewController.swift */; };
		89621E652829D2FC008BA4BB /* Assets.xcassets in Resources */ = {isa = PBXBuildFile; fileRef = 89621E642829D2FC008BA4BB /* Assets.xcassets */; };
		89621E682829D2FC008BA4BB /* Main.storyboard in Resources */ = {isa = PBXBuildFile; fileRef = 89621E662829D2FC008BA4BB /* Main.storyboard */; };
		89621E732829D2FC008BA4BB /* TestPlayerTests.swift in Sources */ = {isa = PBXBuildFile; fileRef = 89621E722829D2FC008BA4BB /* TestPlayerTests.swift */; };
		89621E7D2829D2FC008BA4BB /* TestPlayerUITests.swift in Sources */ = {isa = PBXBuildFile; fileRef = 89621E7C2829D2FC008BA4BB /* TestPlayerUITests.swift */; };
		89621E7F2829D2FC008BA4BB /* TestPlayerUITestsLaunchTests.swift in Sources */ = {isa = PBXBuildFile; fileRef = 89621E7E2829D2FC008BA4BB /* TestPlayerUITestsLaunchTests.swift */; };
/* End PBXBuildFile section */

/* Begin PBXContainerItemProxy section */
		89621E6F2829D2FC008BA4BB /* PBXContainerItemProxy */ = {
			isa = PBXContainerItemProxy;
			containerPortal = 89621E552829D2FB008BA4BB /* Project object */;
			proxyType = 1;
			remoteGlobalIDString = 89621E5C2829D2FC008BA4BB;
			remoteInfo = TestPlayer;
		};
		89621E792829D2FC008BA4BB /* PBXContainerItemProxy */ = {
			isa = PBXContainerItemProxy;
			containerPortal = 89621E552829D2FB008BA4BB /* Project object */;
			proxyType = 1;
			remoteGlobalIDString = 89621E5C2829D2FC008BA4BB;
			remoteInfo = TestPlayer;
		};
/* End PBXContainerItemProxy section */

/* Begin PBXFileReference section */
		89621E5D2829D2FC008BA4BB /* TestPlayer.app */ = {isa = PBXFileReference; explicitFileType = wrapper.application; includeInIndex = 0; path = TestPlayer.app; sourceTree = BUILT_PRODUCTS_DIR; };
		89621E602829D2FC008BA4BB /* AppDelegate.swift */ = {isa = PBXFileReference; lastKnownFileType = sourcecode.swift; path = AppDelegate.swift; sourceTree = "<group>"; };
		89621E622829D2FC008BA4BB /* ViewController.swift */ = {isa = PBXFileReference; lastKnownFileType = sourcecode.swift; path = ViewController.swift; sourceTree = "<group>"; };
		89621E642829D2FC008BA4BB /* Assets.xcassets */ = {isa = PBXFileReference; lastKnownFileType = folder.assetcatalog; path = Assets.xcassets; sourceTree = "<group>"; };
		89621E672829D2FC008BA4BB /* Base */ = {isa = PBXFileReference; lastKnownFileType = file.storyboard; name = Base; path = Base.lproj/Main.storyboard; sourceTree = "<group>"; };
		89621E692829D2FC008BA4BB /* TestPlayer.entitlements */ = {isa = PBXFileReference; lastKnownFileType = text.plist.entitlements; path = TestPlayer.entitlements; sourceTree = "<group>"; };
		89621E6E2829D2FC008BA4BB /* TestPlayerTests.xctest */ = {isa = PBXFileReference; explicitFileType = wrapper.cfbundle; includeInIndex = 0; path = TestPlayerTests.xctest; sourceTree = BUILT_PRODUCTS_DIR; };
		89621E722829D2FC008BA4BB /* TestPlayerTests.swift */ = {isa = PBXFileReference; lastKnownFileType = sourcecode.swift; path = TestPlayerTests.swift; sourceTree = "<group>"; };
		89621E782829D2FC008BA4BB /* TestPlayerUITests.xctest */ = {isa = PBXFileReference; explicitFileType = wrapper.cfbundle; includeInIndex = 0; path = TestPlayerUITests.xctest; sourceTree = BUILT_PRODUCTS_DIR; };
		89621E7C2829D2FC008BA4BB /* TestPlayerUITests.swift */ = {isa = PBXFileReference; lastKnownFileType = sourcecode.swift; path = TestPlayerUITests.swift; sourceTree = "<group>"; };
		89621E7E2829D2FC008BA4BB /* TestPlayerUITestsLaunchTests.swift */ = {isa = PBXFileReference; lastKnownFileType = sourcecode.swift; path = TestPlayerUITestsLaunchTests.swift; sourceTree = "<group>"; };
/* End PBXFileReference section */

/* Begin PBXFrameworksBuildPhase section */
		89621E5A2829D2FC008BA4BB /* Frameworks */ = {
			isa = PBXFrameworksBuildPhase;
			buildActionMask = 2147483647;
			files = (
			);
			runOnlyForDeploymentPostprocessing = 0;
		};
		89621E6B2829D2FC008BA4BB /* Frameworks */ = {
			isa = PBXFrameworksBuildPhase;
			buildActionMask = 2147483647;
			files = (
			);
			runOnlyForDeploymentPostprocessing = 0;
		};
		89621E752829D2FC008BA4BB /* Frameworks */ = {
			isa = PBXFrameworksBuildPhase;
			buildActionMask = 2147483647;
			files = (
			);
			runOnlyForDeploymentPostprocessing = 0;
		};
/* End PBXFrameworksBuildPhase section */

/* Begin PBXGroup section */
		89621E542829D2FB008BA4BB = {
			isa = PBXGroup;
			children = (
				89621E5F2829D2FC008BA4BB /* TestPlayer */,
				89621E712829D2FC008BA4BB /* TestPlayerTests */,
				89621E7B2829D2FC008BA4BB /* TestPlayerUITests */,
				89621E5E2829D2FC008BA4BB /* Products */,
			);
			sourceTree = "<group>";
		};
		89621E5E2829D2FC008BA4BB /* Products */ = {
			isa = PBXGroup;
			children = (
				89621E5D2829D2FC008BA4BB /* TestPlayer.app */,
				89621E6E2829D2FC008BA4BB /* TestPlayerTests.xctest */,
				89621E782829D2FC008BA4BB /* TestPlayerUITests.xctest */,
			);
			name = Products;
			sourceTree = "<group>";
		};
		89621E5F2829D2FC008BA4BB /* TestPlayer */ = {
			isa = PBXGroup;
			children = (
				89621E602829D2FC008BA4BB /* AppDelegate.swift */,
				89621E622829D2FC008BA4BB /* ViewController.swift */,
				89621E642829D2FC008BA4BB /* Assets.xcassets */,
				89621E662829D2FC008BA4BB /* Main.storyboard */,
				89621E692829D2FC008BA4BB /* TestPlayer.entitlements */,
			);
			path = TestPlayer;
			sourceTree = "<group>";
		};
		89621E712829D2FC008BA4BB /* TestPlayerTests */ = {
			isa = PBXGroup;
			children = (
				89621E722829D2FC008BA4BB /* TestPlayerTests.swift */,
			);
			path = TestPlayerTests;
			sourceTree = "<group>";
		};
		89621E7B2829D2FC008BA4BB /* TestPlayerUITests */ = {
			isa = PBXGroup;
			children = (
				89621E7C2829D2FC008BA4BB /* TestPlayerUITests.swift */,
				89621E7E2829D2FC008BA4BB /* TestPlayerUITestsLaunchTests.swift */,
			);
			path = TestPlayerUITests;
			sourceTree = "<group>";
		};
/* End PBXGroup section */

/* Begin PBXNativeTarget section */
		89621E5C2829D2FC008BA4BB /* TestPlayer */ = {
			isa = PBXNativeTarget;
			buildConfigurationList = 89621E822829D2FC008BA4BB /* Build configuration list for PBXNativeTarget "TestPlayer" */;
			buildPhases = (
				89621E592829D2FC008BA4BB /* Sources */,
				89621E5A2829D2FC008BA4BB /* Frameworks */,
				89621E5B2829D2FC008BA4BB /* Resources */,
			);
			buildRules = (
			);
			dependencies = (
			);
			name = TestPlayer;
			productName = TestPlayer;
			productReference = 89621E5D2829D2FC008BA4BB /* TestPlayer.app */;
			productType = "com.apple.product-type.application";
		};
		89621E6D2829D2FC008BA4BB /* TestPlayerTests */ = {
			isa = PBXNativeTarget;
			buildConfigurationList = 89621E852829D2FC008BA4BB /* Build configuration list for PBXNativeTarget "TestPlayerTests" */;
			buildPhases = (
				89621E6A2829D2FC008BA4BB /* Sources */,
				89621E6B2829D2FC008BA4BB /* Frameworks */,
				89621E6C2829D2FC008BA4BB /* Resources */,
			);
			buildRules = (
			);
			dependencies = (
				89621E702829D2FC008BA4BB /* PBXTargetDependency */,
			);
			name = TestPlayerTests;
			productName = TestPlayerTests;
			productReference = 89621E6E2829D2FC008BA4BB /* TestPlayerTests.xctest */;
			productType = "com.apple.product-type.bundle.unit-test";
		};
		89621E772829D2FC008BA4BB /* TestPlayerUITests */ = {
			isa = PBXNativeTarget;
			buildConfigurationList = 89621E882829D2FC008BA4BB /* Build configuration list for PBXNativeTarget "TestPlayerUITests" */;
			buildPhases = (
				89621E742829D2FC008BA4BB /* Sources */,
				89621E752829D2FC008BA4BB /* Frameworks */,
				89621E762829D2FC008BA4BB /* Resources */,
			);
			buildRules = (
			);
			dependencies = (
				89621E7A2829D2FC008BA4BB /* PBXTargetDependency */,
			);
			name = TestPlayerUITests;
			productName = TestPlayerUITests;
			productReference = 89621E782829D2FC008BA4BB /* TestPlayerUITests.xctest */;
			productType = "com.apple.product-type.bundle.ui-testing";
		};
/* End PBXNativeTarget section */

/* Begin PBXProject section */
		89621E552829D2FB008BA4BB /* Project object */ = {
			isa = PBXProject;
			attributes = {
				BuildIndependentTargetsInParallel = 1;
				LastSwiftUpdateCheck = 1330;
				LastUpgradeCheck = 1330;
				TargetAttributes = {
					89621E5C2829D2FC008BA4BB = {
						CreatedOnToolsVersion = 13.3.1;
					};
					89621E6D2829D2FC008BA4BB = {
						CreatedOnToolsVersion = 13.3.1;
						TestTargetID = 89621E5C2829D2FC008BA4BB;
					};
					89621E772829D2FC008BA4BB = {
						CreatedOnToolsVersion = 13.3.1;
						TestTargetID = 89621E5C2829D2FC008BA4BB;
					};
				};
			};
			buildConfigurationList = 89621E582829D2FB008BA4BB /* Build configuration list for PBXProject "TestPlayer" */;
			compatibilityVersion = "Xcode 13.0";
			developmentRegion = en;
			hasScannedForEncodings = 0;
			knownRegions = (
				en,
				Base,
			);
			mainGroup = 89621E542829D2FB008BA4BB;
			productRefGroup = 89621E5E2829D2FC008BA4BB /* Products */;
			projectDirPath = "";
			projectRoot = "";
			targets = (
				89621E5C2829D2FC008BA4BB /* TestPlayer */,
				89621E6D2829D2FC008BA4BB /* TestPlayerTests */,
				89621E772829D2FC008BA4BB /* TestPlayerUITests */,
			);
		};
/* End PBXProject section */

/* Begin PBXResourcesBuildPhase section */
		89621E5B2829D2FC008BA4BB /* Resources */ = {
			isa = PBXResourcesBuildPhase;
			buildActionMask = 2147483647;
			files = (
				89621E652829D2FC008BA4BB /* Assets.xcassets in Resources */,
				89621E682829D2FC008BA4BB /* Main.storyboard in Resources */,
			);
			runOnlyForDeploymentPostprocessing = 0;
		};
		89621E6C2829D2FC008BA4BB /* Resources */ = {
			isa = PBXResourcesBuildPhase;
			buildActionMask = 2147483647;
			files = (
			);
			runOnlyForDeploymentPostprocessing = 0;
		};
		89621E762829D2FC008BA4BB /* Resources */ = {
			isa = PBXResourcesBuildPhase;
			buildActionMask = 2147483647;
			files = (
			);
			runOnlyForDeploymentPostprocessing = 0;
		};
/* End PBXResourcesBuildPhase section */

/* Begin PBXSourcesBuildPhase section */
		89621E592829D2FC008BA4BB /* Sources */ = {
			isa = PBXSourcesBuildPhase;
			buildActionMask = 2147483647;
			files = (
				89621E632829D2FC008BA4BB /* ViewController.swift in Sources */,
				89621E612829D2FC008BA4BB /* AppDelegate.swift in Sources */,
			);
			runOnlyForDeploymentPostprocessing = 0;
		};
		89621E6A2829D2FC008BA4BB /* Sources */ = {
			isa = PBXSourcesBuildPhase;
			buildActionMask = 2147483647;
			files = (
				89621E732829D2FC008BA4BB /* TestPlayerTests.swift in Sources */,
			);
			runOnlyForDeploymentPostprocessing = 0;
		};
		89621E742829D2FC008BA4BB /* Sources */ = {
			isa = PBXSourcesBuildPhase;
			buildActionMask = 2147483647;
			files = (
				89621E7D2829D2FC008BA4BB /* TestPlayerUITests.swift in Sources */,
				89621E7F2829D2FC008BA4BB /* TestPlayerUITestsLaunchTests.swift in Sources */,
			);
			runOnlyForDeploymentPostprocessing = 0;
		};
/* End PBXSourcesBuildPhase section */

/* Begin PBXTargetDependency section */
		89621E702829D2FC008BA4BB /* PBXTargetDependency */ = {
			isa = PBXTargetDependency;
			target = 89621E5C2829D2FC008BA4BB /* TestPlayer */;
			targetProxy = 89621E6F2829D2FC008BA4BB /* PBXContainerItemProxy */;
		};
		89621E7A2829D2FC008BA4BB /* PBXTargetDependency */ = {
			isa = PBXTargetDependency;
			target = 89621E5C2829D2FC008BA4BB /* TestPlayer */;
			targetProxy = 89621E792829D2FC008BA4BB /* PBXContainerItemProxy */;
		};
/* End PBXTargetDependency section */

/* Begin PBXVariantGroup section */
		89621E662829D2FC008BA4BB /* Main.storyboard */ = {
			isa = PBXVariantGroup;
			children = (
				89621E672829D2FC008BA4BB /* Base */,
			);
			name = Main.storyboard;
			sourceTree = "<group>";
		};
/* End PBXVariantGroup section */

/* Begin XCBuildConfiguration section */
		89621E802829D2FC008BA4BB /* Debug */ = {
			isa = XCBuildConfiguration;
			buildSettings = {
				ALWAYS_SEARCH_USER_PATHS = NO;
				CLANG_ANALYZER_NONNULL = YES;
				CLANG_ANALYZER_NUMBER_OBJECT_CONVERSION = YES_AGGRESSIVE;
				CLANG_CXX_LANGUAGE_STANDARD = "gnu++17";
				CLANG_ENABLE_MODULES = YES;
				CLANG_ENABLE_OBJC_ARC = YES;
				CLANG_ENABLE_OBJC_WEAK = YES;
				CLANG_WARN_BLOCK_CAPTURE_AUTORELEASING = YES;
				CLANG_WARN_BOOL_CONVERSION = YES;
				CLANG_WARN_COMMA = YES;
				CLANG_WARN_CONSTANT_CONVERSION = YES;
				CLANG_WARN_DEPRECATED_OBJC_IMPLEMENTATIONS = YES;
				CLANG_WARN_DIRECT_OBJC_ISA_USAGE = YES_ERROR;
				CLANG_WARN_DOCUMENTATION_COMMENTS = YES;
				CLANG_WARN_EMPTY_BODY = YES;
				CLANG_WARN_ENUM_CONVERSION = YES;
				CLANG_WARN_INFINITE_RECURSION = YES;
				CLANG_WARN_INT_CONVERSION = YES;
				CLANG_WARN_NON_LITERAL_NULL_CONVERSION = YES;
				CLANG_WARN_OBJC_IMPLICIT_RETAIN_SELF = YES;
				CLANG_WARN_OBJC_LITERAL_CONVERSION = YES;
				CLANG_WARN_OBJC_ROOT_CLASS = YES_ERROR;
				CLANG_WARN_QUOTED_INCLUDE_IN_FRAMEWORK_HEADER = YES;
				CLANG_WARN_RANGE_LOOP_ANALYSIS = YES;
				CLANG_WARN_STRICT_PROTOTYPES = YES;
				CLANG_WARN_SUSPICIOUS_MOVE = YES;
				CLANG_WARN_UNGUARDED_AVAILABILITY = YES_AGGRESSIVE;
				CLANG_WARN_UNREACHABLE_CODE = YES;
				CLANG_WARN__DUPLICATE_METHOD_MATCH = YES;
				COPY_PHASE_STRIP = NO;
				DEBUG_INFORMATION_FORMAT = dwarf;
				ENABLE_STRICT_OBJC_MSGSEND = YES;
				ENABLE_TESTABILITY = YES;
				GCC_C_LANGUAGE_STANDARD = gnu11;
				GCC_DYNAMIC_NO_PIC = NO;
				GCC_NO_COMMON_BLOCKS = YES;
				GCC_OPTIMIZATION_LEVEL = 0;
				GCC_PREPROCESSOR_DEFINITIONS = (
					"DEBUG=1",
					"$(inherited)",
				);
				GCC_WARN_64_TO_32_BIT_CONVERSION = YES;
				GCC_WARN_ABOUT_RETURN_TYPE = YES_ERROR;
				GCC_WARN_UNDECLARED_SELECTOR = YES;
				GCC_WARN_UNINITIALIZED_AUTOS = YES_AGGRESSIVE;
				GCC_WARN_UNUSED_FUNCTION = YES;
				GCC_WARN_UNUSED_VARIABLE = YES;
				MACOSX_DEPLOYMENT_TARGET = 12.3;
				MTL_ENABLE_DEBUG_INFO = INCLUDE_SOURCE;
				MTL_FAST_MATH = YES;
				ONLY_ACTIVE_ARCH = YES;
				SDKROOT = macosx;
				SWIFT_ACTIVE_COMPILATION_CONDITIONS = DEBUG;
				SWIFT_OPTIMIZATION_LEVEL = "-Onone";
			};
			name = Debug;
		};
		89621E812829D2FC008BA4BB /* Release */ = {
			isa = XCBuildConfiguration;
			buildSettings = {
				ALWAYS_SEARCH_USER_PATHS = NO;
				CLANG_ANALYZER_NONNULL = YES;
				CLANG_ANALYZER_NUMBER_OBJECT_CONVERSION = YES_AGGRESSIVE;
				CLANG_CXX_LANGUAGE_STANDARD = "gnu++17";
				CLANG_ENABLE_MODULES = YES;
				CLANG_ENABLE_OBJC_ARC = YES;
				CLANG_ENABLE_OBJC_WEAK = YES;
				CLANG_WARN_BLOCK_CAPTURE_AUTORELEASING = YES;
				CLANG_WARN_BOOL_CONVERSION = YES;
				CLANG_WARN_COMMA = YES;
				CLANG_WARN_CONSTANT_CONVERSION = YES;
				CLANG_WARN_DEPRECATED_OBJC_IMPLEMENTATIONS = YES;
				CLANG_WARN_DIRECT_OBJC_ISA_USAGE = YES_ERROR;
				CLANG_WARN_DOCUMENTATION_COMMENTS = YES;
				CLANG_WARN_EMPTY_BODY = YES;
				CLANG_WARN_ENUM_CONVERSION = YES;
				CLANG_WARN_INFINITE_RECURSION = YES;
				CLANG_WARN_INT_CONVERSION = YES;
				CLANG_WARN_NON_LITERAL_NULL_CONVERSION = YES;
				CLANG_WARN_OBJC_IMPLICIT_RETAIN_SELF = YES;
				CLANG_WARN_OBJC_LITERAL_CONVERSION = YES;
				CLANG_WARN_OBJC_ROOT_CLASS = YES_ERROR;
				CLANG_WARN_QUOTED_INCLUDE_IN_FRAMEWORK_HEADER = YES;
				CLANG_WARN_RANGE_LOOP_ANALYSIS = YES;
				CLANG_WARN_STRICT_PROTOTYPES = YES;
				CLANG_WARN_SUSPICIOUS_MOVE = YES;
				CLANG_WARN_UNGUARDED_AVAILABILITY = YES_AGGRESSIVE;
				CLANG_WARN_UNREACHABLE_CODE = YES;
				CLANG_WARN__DUPLICATE_METHOD_MATCH = YES;
				COPY_PHASE_STRIP = NO;
				DEBUG_INFORMATION_FORMAT = "dwarf-with-dsym";
				ENABLE_NS_ASSERTIONS = NO;
				ENABLE_STRICT_OBJC_MSGSEND = YES;
				GCC_C_LANGUAGE_STANDARD = gnu11;
				GCC_NO_COMMON_BLOCKS = YES;
				GCC_WARN_64_TO_32_BIT_CONVERSION = YES;
				GCC_WARN_ABOUT_RETURN_TYPE = YES_ERROR;
				GCC_WARN_UNDECLARED_SELECTOR = YES;
				GCC_WARN_UNINITIALIZED_AUTOS = YES_AGGRESSIVE;
				GCC_WARN_UNUSED_FUNCTION = YES;
				GCC_WARN_UNUSED_VARIABLE = YES;
				MACOSX_DEPLOYMENT_TARGET = 12.3;
				MTL_ENABLE_DEBUG_INFO = NO;
				MTL_FAST_MATH = YES;
				SDKROOT = macosx;
				SWIFT_COMPILATION_MODE = wholemodule;
				SWIFT_OPTIMIZATION_LEVEL = "-O";
			};
			name = Release;
		};
		89621E832829D2FC008BA4BB /* Debug */ = {
			isa = XCBuildConfiguration;
			buildSettings = {
				ASSETCATALOG_COMPILER_APPICON_NAME = AppIcon;
				ASSETCATALOG_COMPILER_GLOBAL_ACCENT_COLOR_NAME = AccentColor;
				CODE_SIGN_ENTITLEMENTS = TestPlayer/TestPlayer.entitlements;
				CODE_SIGN_STYLE = Automatic;
				COMBINE_HIDPI_IMAGES = YES;
				CURRENT_PROJECT_VERSION = 1;
				DEVELOPMENT_TEAM = W3BZ66Q856;
				ENABLE_HARDENED_RUNTIME = YES;
				GENERATE_INFOPLIST_FILE = YES;
				INFOPLIST_KEY_NSHumanReadableCopyright = "";
				INFOPLIST_KEY_NSMainStoryboardFile = Main;
				INFOPLIST_KEY_NSPrincipalClass = NSApplication;
				LD_RUNPATH_SEARCH_PATHS = (
					"$(inherited)",
					"@executable_path/../Frameworks",
				);
				MARKETING_VERSION = 1.0;
				PRODUCT_BUNDLE_IDENTIFIER = com.applewriter.TestPlayer;
				PRODUCT_NAME = "$(TARGET_NAME)";
				SWIFT_EMIT_LOC_STRINGS = YES;
				SWIFT_VERSION = 5.0;
			};
			name = Debug;
		};
		89621E842829D2FC008BA4BB /* Release */ = {
			isa = XCBuildConfiguration;
			buildSettings = {
				ASSETCATALOG_COMPILER_APPICON_NAME = AppIcon;
				ASSETCATALOG_COMPILER_GLOBAL_ACCENT_COLOR_NAME = AccentColor;
				CODE_SIGN_ENTITLEMENTS = TestPlayer/TestPlayer.entitlements;
				CODE_SIGN_STYLE = Automatic;
				COMBINE_HIDPI_IMAGES = YES;
				CURRENT_PROJECT_VERSION = 1;
				DEVELOPMENT_TEAM = W3BZ66Q856;
				ENABLE_HARDENED_RUNTIME = YES;
				GENERATE_INFOPLIST_FILE = YES;
				INFOPLIST_KEY_NSHumanReadableCopyright = "";
				INFOPLIST_KEY_NSMainStoryboardFile = Main;
				INFOPLIST_KEY_NSPrincipalClass = NSApplication;
				LD_RUNPATH_SEARCH_PATHS = (
					"$(inherited)",
					"@executable_path/../Frameworks",
				);
				MARKETING_VERSION = 1.0;
				PRODUCT_BUNDLE_IDENTIFIER = com.applewriter.TestPlayer;
				PRODUCT_NAME = "$(TARGET_NAME)";
				SWIFT_EMIT_LOC_STRINGS = YES;
				SWIFT_VERSION = 5.0;
			};
			name = Release;
		};
		89621E862829D2FC008BA4BB /* Debug */ = {
			isa = XCBuildConfiguration;
			buildSettings = {
				ALWAYS_EMBED_SWIFT_STANDARD_LIBRARIES = YES;
				BUNDLE_LOADER = "$(TEST_HOST)";
				CODE_SIGN_STYLE = Automatic;
				CURRENT_PROJECT_VERSION = 1;
				DEVELOPMENT_TEAM = W3BZ66Q856;
				GENERATE_INFOPLIST_FILE = YES;
				MACOSX_DEPLOYMENT_TARGET = 12.3;
				MARKETING_VERSION = 1.0;
				PRODUCT_BUNDLE_IDENTIFIER = com.applewriter.TestPlayerTests;
				PRODUCT_NAME = "$(TARGET_NAME)";
				SWIFT_EMIT_LOC_STRINGS = NO;
				SWIFT_VERSION = 5.0;
				TEST_HOST = "$(BUILT_PRODUCTS_DIR)/TestPlayer.app/Contents/MacOS/TestPlayer";
			};
			name = Debug;
		};
		89621E872829D2FC008BA4BB /* Release */ = {
			isa = XCBuildConfiguration;
			buildSettings = {
				ALWAYS_EMBED_SWIFT_STANDARD_LIBRARIES = YES;
				BUNDLE_LOADER = "$(TEST_HOST)";
				CODE_SIGN_STYLE = Automatic;
				CURRENT_PROJECT_VERSION = 1;
				DEVELOPMENT_TEAM = W3BZ66Q856;
				GENERATE_INFOPLIST_FILE = YES;
				MACOSX_DEPLOYMENT_TARGET = 12.3;
				MARKETING_VERSION = 1.0;
				PRODUCT_BUNDLE_IDENTIFIER = com.applewriter.TestPlayerTests;
				PRODUCT_NAME = "$(TARGET_NAME)";
				SWIFT_EMIT_LOC_STRINGS = NO;
				SWIFT_VERSION = 5.0;
				TEST_HOST = "$(BUILT_PRODUCTS_DIR)/TestPlayer.app/Contents/MacOS/TestPlayer";
			};
			name = Release;
		};
		89621E892829D2FC008BA4BB /* Debug */ = {
			isa = XCBuildConfiguration;
			buildSettings = {
				ALWAYS_EMBED_SWIFT_STANDARD_LIBRARIES = YES;
				CODE_SIGN_STYLE = Automatic;
				CURRENT_PROJECT_VERSION = 1;
				DEVELOPMENT_TEAM = W3BZ66Q856;
				GENERATE_INFOPLIST_FILE = YES;
				MARKETING_VERSION = 1.0;
				PRODUCT_BUNDLE_IDENTIFIER = com.applewriter.TestPlayerUITests;
				PRODUCT_NAME = "$(TARGET_NAME)";
				SWIFT_EMIT_LOC_STRINGS = NO;
				SWIFT_VERSION = 5.0;
				TEST_TARGET_NAME = TestPlayer;
			};
			name = Debug;
		};
		89621E8A2829D2FC008BA4BB /* Release */ = {
			isa = XCBuildConfiguration;
			buildSettings = {
				ALWAYS_EMBED_SWIFT_STANDARD_LIBRARIES = YES;
				CODE_SIGN_STYLE = Automatic;
				CURRENT_PROJECT_VERSION = 1;
				DEVELOPMENT_TEAM = W3BZ66Q856;
				GENERATE_INFOPLIST_FILE = YES;
				MARKETING_VERSION = 1.0;
				PRODUCT_BUNDLE_IDENTIFIER = com.applewriter.TestPlayerUITests;
				PRODUCT_NAME = "$(TARGET_NAME)";
				SWIFT_EMIT_LOC_STRINGS = NO;
				SWIFT_VERSION = 5.0;
				TEST_TARGET_NAME = TestPlayer;
			};
			name = Release;
		};
/* End XCBuildConfiguration section */

/* Begin XCConfigurationList section */
		89621E582829D2FB008BA4BB /* Build configuration list for PBXProject "TestPlayer" */ = {
			isa = XCConfigurationList;
			buildConfigurations = (
				89621E802829D2FC008BA4BB /* Debug */,
				89621E812829D2FC008BA4BB /* Release */,
			);
			defaultConfigurationIsVisible = 0;
			defaultConfigurationName = Release;
		};
		89621E822829D2FC008BA4BB /* Build configuration list for PBXNativeTarget "TestPlayer" */ = {
			isa = XCConfigurationList;
			buildConfigurations = (
				89621E832829D2FC008BA4BB /* Debug */,
				89621E842829D2FC008BA4BB /* Release */,
			);
			defaultConfigurationIsVisible = 0;
			defaultConfigurationName = Release;
		};
		89621E852829D2FC008BA4BB /* Build configuration list for PBXNativeTarget "TestPlayerTests" */ = {
			isa = XCConfigurationList;
			buildConfigurations = (
				89621E862829D2FC008BA4BB /* Debug */,
				89621E872829D2FC008BA4BB /* Release */,
			);
			defaultConfigurationIsVisible = 0;
			defaultConfigurationName = Release;
		};
		89621E882829D2FC008BA4BB /* Build configuration list for PBXNativeTarget "TestPlayerUITests" */ = {
			isa = XCConfigurationList;
			buildConfigurations = (
				89621E892829D2FC008BA4BB /* Debug */,
				89621E8A2829D2FC008BA4BB /* Release */,
			);
			defaultConfigurationIsVisible = 0;
			defaultConfigurationName = Release;
		};
/* End XCConfigurationList section */
	};
	rootObject = 89621E552829D2FB008BA4BB /* Project object */;
}
